PODS:
  - ToastFrameworkSwift (1.0.2)

DEPENDENCIES:
  - ToastFrameworkSwift (from `../`)

EXTERNAL SOURCES:
  ToastFrameworkSwift:
    :path: "../"

SPEC CHECKSUMS:
  ToastFrameworkSwift: fa4462a64cff0f4af6f294886dc9df850ee02cfe

PODFILE CHECKSUM: 122705f7deefd0a345ffd767644e27ac540d3b20

COCOAPODS: 1.11.2
