PODS:
  - ToastFrameworkSwift (1.0.8)

DEPENDENCIES:
  - ToastFrameworkSwift (from `../`)

EXTERNAL SOURCES:
  ToastFrameworkSwift:
    :path: "../"

SPEC CHECKSUMS:
  ToastFrameworkSwift: 572a9101760ccffc18d15cc8f5c894bae45ab3b5

PODFILE CHECKSUM: 122705f7deefd0a345ffd767644e27ac540d3b20

COCOAPODS: 1.11.2
