PODS:
  - ToastFrameworkSwift (1.0.3)

DEPENDENCIES:
  - ToastFrameworkSwift (from `../`)

EXTERNAL SOURCES:
  ToastFrameworkSwift:
    :path: "../"

SPEC CHECKSUMS:
  ToastFrameworkSwift: eb6be104ebd5f7987720cba460b27329745cdfdd

PODFILE CHECKSUM: 122705f7deefd0a345ffd767644e27ac540d3b20

COCOAPODS: 1.11.2
